
Microsoft Visual Studio Solution File, Format Version 12.00
# Visual Studio Version 16
VisualStudioVersion = 16.0.30621.155
MinimumVisualStudioVersion = 10.0.40219.1
Project("{9A19103F-16F7-4668-BE54-9A1E7A4F7556}") = "PersonCatalog.Web", "PersonCatalog.Web\PersonCatalog.Web.csproj", "{BF678AF0-1855-4A7D-BACA-61EFB9F9687A}"
EndProject
Project("{9A19103F-16F7-4668-BE54-9A1E7A4F7556}") = "PersonCatalog.Domain", "PersonCatalog.Domain\PersonCatalog.Domain.csproj", "{28325FDB-31AE-4820-84C2-B5C0BB0999A6}"
EndProject
Project("{9A19103F-16F7-4668-BE54-9A1E7A4F7556}") = "PersonCatalog.Repository", "PersonCatalog.Repository\PersonCatalog.Repository.csproj", "{51DE258F-92D9-43DE-8FCB-63E8D42221E2}"
EndProject
Project("{9A19103F-16F7-4668-BE54-9A1E7A4F7556}") = "PersonCatalog.Service", "PersonCatalog.Service\PersonCatalog.Service.csproj", "{DB3E7E75-07EE-4342-B22F-D4A5CF9DC2C2}"
EndProject
Global
	GlobalSection(SolutionConfigurationPlatforms) = preSolution
		Debug|Any CPU = Debug|Any CPU
		Release|Any CPU = Release|Any CPU
	EndGlobalSection
	GlobalSection(ProjectConfigurationPlatforms) = postSolution
		{BF678AF0-1855-4A7D-BACA-61EFB9F9687A}.Debug|Any CPU.ActiveCfg = Debug|Any CPU
		{BF678AF0-1855-4A7D-BACA-61EFB9F9687A}.Debug|Any CPU.Build.0 = Debug|Any CPU
		{BF678AF0-1855-4A7D-BACA-61EFB9F9687A}.Release|Any CPU.ActiveCfg = Release|Any CPU
		{BF678AF0-1855-4A7D-BACA-61EFB9F9687A}.Release|Any CPU.Build.0 = Release|Any CPU
		{28325FDB-31AE-4820-84C2-B5C0BB0999A6}.Debug|Any CPU.ActiveCfg = Debug|Any CPU
		{28325FDB-31AE-4820-84C2-B5C0BB0999A6}.Debug|Any CPU.Build.0 = Debug|Any CPU
		{28325FDB-31AE-4820-84C2-B5C0BB0999A6}.Release|Any CPU.ActiveCfg = Release|Any CPU
		{28325FDB-31AE-4820-84C2-B5C0BB0999A6}.Release|Any CPU.Build.0 = Release|Any CPU
		{51DE258F-92D9-43DE-8FCB-63E8D42221E2}.Debug|Any CPU.ActiveCfg = Debug|Any CPU
		{51DE258F-92D9-43DE-8FCB-63E8D42221E2}.Debug|Any CPU.Build.0 = Debug|Any CPU
		{51DE258F-92D9-43DE-8FCB-63E8D42221E2}.Release|Any CPU.ActiveCfg = Release|Any CPU
		{51DE258F-92D9-43DE-8FCB-63E8D42221E2}.Release|Any CPU.Build.0 = Release|Any CPU
		{DB3E7E75-07EE-4342-B22F-D4A5CF9DC2C2}.Debug|Any CPU.ActiveCfg = Debug|Any CPU
		{DB3E7E75-07EE-4342-B22F-D4A5CF9DC2C2}.Debug|Any CPU.Build.0 = Debug|Any CPU
		{DB3E7E75-07EE-4342-B22F-D4A5CF9DC2C2}.Release|Any CPU.ActiveCfg = Release|Any CPU
		{DB3E7E75-07EE-4342-B22F-D4A5CF9DC2C2}.Release|Any CPU.Build.0 = Release|Any CPU
	EndGlobalSection
	GlobalSection(SolutionProperties) = preSolution
		HideSolutionNode = FALSE
	EndGlobalSection
	GlobalSection(ExtensibilityGlobals) = postSolution
		SolutionGuid = {6CDA30EB-4215-410D-9677-260656A13E73}
	EndGlobalSection
EndGlobal
